
Microsoft Visual Studio Solution File, Format Version 12.00
# Visual Studio Version 17
VisualStudioVersion = 17.8.34316.72
MinimumVisualStudioVersion = 10.0.40219.1
Project("{FAE04EC0-301F-11D3-BF4B-00C04F79EFBC}") = "App1", "App1\App1.csproj", "{30CEFAD3-CEB9-44B1-9712-FFCF334F122A}"
EndProject
Global
	GlobalSection(SolutionConfigurationPlatforms) = preSolution
		Debug|Any CPU = Debug|Any CPU
		Release|Any CPU = Release|Any CPU
	EndGlobalSection
	GlobalSection(ProjectConfigurationPlatforms) = postSolution
		{30CEFAD3-CEB9-44B1-9712-FFCF334F122A}.Debug|Any CPU.ActiveCfg = Debug|Any CPU
		{30CEFAD3-CEB9-44B1-9712-FFCF334F122A}.Debug|Any CPU.Build.0 = Debug|Any CPU
		{30CEFAD3-CEB9-44B1-9712-FFCF334F122A}.Release|Any CPU.ActiveCfg = Release|Any CPU
		{30CEFAD3-CEB9-44B1-9712-FFCF334F122A}.Release|Any CPU.Build.0 = Release|Any CPU
	EndGlobalSection
	GlobalSection(SolutionProperties) = preSolution
		HideSolutionNode = FALSE
	EndGlobalSection
	GlobalSection(ExtensibilityGlobals) = postSolution
		SolutionGuid = {74D55C96-A2F2-47DB-9E25-82B6AD4AD270}
	EndGlobalSection
EndGlobal
